
Microsoft Visual Studio Solution File, Format Version 12.00
# Visual Studio Version 16
VisualStudioVersion = 16.0.31424.327
MinimumVisualStudioVersion = 10.0.40219.1
Project("{FAE04EC0-301F-11D3-BF4B-00C04F79EFBC}") = "Lab3", "Lab3\Lab3.csproj", "{5E5AAE6F-E844-4272-B30C-A0E745C1E68D}"
EndProject
Global
	GlobalSection(SolutionConfigurationPlatforms) = preSolution
		Debug|Any CPU = Debug|Any CPU
		Release|Any CPU = Release|Any CPU
	EndGlobalSection
	GlobalSection(ProjectConfigurationPlatforms) = postSolution
		{5E5AAE6F-E844-4272-B30C-A0E745C1E68D}.Debug|Any CPU.ActiveCfg = Debug|Any CPU
		{5E5AAE6F-E844-4272-B30C-A0E745C1E68D}.Debug|Any CPU.Build.0 = Debug|Any CPU
		{5E5AAE6F-E844-4272-B30C-A0E745C1E68D}.Release|Any CPU.ActiveCfg = Release|Any CPU
		{5E5AAE6F-E844-4272-B30C-A0E745C1E68D}.Release|Any CPU.Build.0 = Release|Any CPU
	EndGlobalSection
	GlobalSection(SolutionProperties) = preSolution
		HideSolutionNode = FALSE
	EndGlobalSection
	GlobalSection(ExtensibilityGlobals) = postSolution
		SolutionGuid = {461FCDDC-1B1E-4578-8AF2-926D0BB1CC7E}
	EndGlobalSection
EndGlobal
